
Microsoft Visual Studio Solution File, Format Version 12.00
# Visual Studio 15
VisualStudioVersion = 15.0.27428.2037
MinimumVisualStudioVersion = 10.0.40219.1
Project("{FAE04EC0-301F-11D3-BF4B-00C04F79EFBC}") = "ApartmentAutomation", "ApartmentAutomation.csproj", "{6943B819-6E03-4E00-8663-05567EC25CF8}"
EndProject
Global
	GlobalSection(SolutionConfigurationPlatforms) = preSolution
		Debug|Any CPU = Debug|Any CPU
		Release|Any CPU = Release|Any CPU
	EndGlobalSection
	GlobalSection(ProjectConfigurationPlatforms) = postSolution
		{6943B819-6E03-4E00-8663-05567EC25CF8}.Debug|Any CPU.ActiveCfg = Debug|Any CPU
		{6943B819-6E03-4E00-8663-05567EC25CF8}.Debug|Any CPU.Build.0 = Debug|Any CPU
		{6943B819-6E03-4E00-8663-05567EC25CF8}.Release|Any CPU.ActiveCfg = Release|Any CPU
		{6943B819-6E03-4E00-8663-05567EC25CF8}.Release|Any CPU.Build.0 = Release|Any CPU
	EndGlobalSection
	GlobalSection(SolutionProperties) = preSolution
		HideSolutionNode = FALSE
	EndGlobalSection
	GlobalSection(ExtensibilityGlobals) = postSolution
		SolutionGuid = {A1B16B76-5CD6-484C-83C8-5F51684F6865}
	EndGlobalSection
EndGlobal
